package = []

[metadata]
lock-version = "1.1"
<<<<<<< HEAD
python-versions = "^3.9"
content-hash = "ce2aa767160f871dd3652615ba0a0dceb7733d62eb8cb4665b87f30a562e3adf"
=======
python-versions = "^3.8"
content-hash = "fafb334cb038533f851c23d0b63254223abf72ce4f02987e7064b0c95566699a"
>>>>>>> 6018afa3550fce94838c58d9cc74745d779221fc

[metadata.files]
