[[package]]
name = "prompt"
version = "0.4.1"
description = "Library for prompting input on the command line."
category = "main"
optional = false
python-versions = ">=3.3"

[metadata]
lock-version = "1.1"
<<<<<<< HEAD
python-versions = "^3.9"
content-hash = "ce2aa767160f871dd3652615ba0a0dceb7733d62eb8cb4665b87f30a562e3adf"
=======
python-versions = "^3.8"
<<<<<<< HEAD
content-hash = "fafb334cb038533f851c23d0b63254223abf72ce4f02987e7064b0c95566699a"
>>>>>>> 6018afa3550fce94838c58d9cc74745d779221fc
=======
content-hash = "0ef04e3af9941caa36faede0dbb4e6a1e3e147c99e049b586b570c495a294804"
>>>>>>> c7e8be6b6824cc74f5c0790eb979ce25bb8aae3c

[metadata.files]
prompt = [
    {file = "prompt-0.4.1-py3-none-any.whl", hash = "sha256:98527de8dc3f0aa29669a39fbffeaf578ba6654dc836f737b6a5c6f9279002b7"},
    {file = "prompt-0.4.1.tar.gz", hash = "sha256:8a7694b88f8c65188a983315e72582bf42fcc251b97042be1d2a2ad1aa0ebe0e"},
]
